
Microsoft Visual Studio Solution File, Format Version 12.00
# Visual Studio 15
VisualStudioVersion = 15.0.27130.2010
MinimumVisualStudioVersion = 10.0.40219.1
Project("{9A19103F-16F7-4668-BE54-9A1E7A4F7556}") = "KP Alg Greedy v. KP Alg DP", "KP Alg Greedy v. KP Alg DP\KP Alg Greedy v. KP Alg DP.csproj", "{FA96C66E-BBAB-4ABC-B354-3217FA507AE2}"
EndProject
Project("{9A19103F-16F7-4668-BE54-9A1E7A4F7556}") = "Unit Test For Dynamic Programming Alg", "Unit Test For Dynamic Programming Alg\Unit Test For Dynamic Programming Alg.csproj", "{27B28E72-66DA-47C0-8BB8-DEC6CC3FF5B8}"
EndProject
Project("{9A19103F-16F7-4668-BE54-9A1E7A4F7556}") = "KPGreedyAlg Unit Tests", "KPGreedyAlg Unit Tests\KPGreedyAlg Unit Tests.csproj", "{CBF60AEC-6C63-4ED8-B5B5-51B6EB38F4C9}"
EndProject
Project("{FAE04EC0-301F-11D3-BF4B-00C04F79EFBC}") = "Time Plots", "Time Plots\Time Plots.csproj", "{9A6D6B45-FE90-437C-A6F3-0426A5530AC2}"
EndProject
Global
	GlobalSection(SolutionConfigurationPlatforms) = preSolution
		Debug|Any CPU = Debug|Any CPU
		Release|Any CPU = Release|Any CPU
	EndGlobalSection
	GlobalSection(ProjectConfigurationPlatforms) = postSolution
		{FA96C66E-BBAB-4ABC-B354-3217FA507AE2}.Debug|Any CPU.ActiveCfg = Debug|Any CPU
		{FA96C66E-BBAB-4ABC-B354-3217FA507AE2}.Debug|Any CPU.Build.0 = Debug|Any CPU
		{FA96C66E-BBAB-4ABC-B354-3217FA507AE2}.Release|Any CPU.ActiveCfg = Release|Any CPU
		{FA96C66E-BBAB-4ABC-B354-3217FA507AE2}.Release|Any CPU.Build.0 = Release|Any CPU
		{27B28E72-66DA-47C0-8BB8-DEC6CC3FF5B8}.Debug|Any CPU.ActiveCfg = Debug|Any CPU
		{27B28E72-66DA-47C0-8BB8-DEC6CC3FF5B8}.Debug|Any CPU.Build.0 = Debug|Any CPU
		{27B28E72-66DA-47C0-8BB8-DEC6CC3FF5B8}.Release|Any CPU.ActiveCfg = Release|Any CPU
		{27B28E72-66DA-47C0-8BB8-DEC6CC3FF5B8}.Release|Any CPU.Build.0 = Release|Any CPU
		{CBF60AEC-6C63-4ED8-B5B5-51B6EB38F4C9}.Debug|Any CPU.ActiveCfg = Debug|Any CPU
		{CBF60AEC-6C63-4ED8-B5B5-51B6EB38F4C9}.Debug|Any CPU.Build.0 = Debug|Any CPU
		{CBF60AEC-6C63-4ED8-B5B5-51B6EB38F4C9}.Release|Any CPU.ActiveCfg = Release|Any CPU
		{CBF60AEC-6C63-4ED8-B5B5-51B6EB38F4C9}.Release|Any CPU.Build.0 = Release|Any CPU
		{9A6D6B45-FE90-437C-A6F3-0426A5530AC2}.Debug|Any CPU.ActiveCfg = Debug|Any CPU
		{9A6D6B45-FE90-437C-A6F3-0426A5530AC2}.Debug|Any CPU.Build.0 = Debug|Any CPU
		{9A6D6B45-FE90-437C-A6F3-0426A5530AC2}.Release|Any CPU.ActiveCfg = Release|Any CPU
		{9A6D6B45-FE90-437C-A6F3-0426A5530AC2}.Release|Any CPU.Build.0 = Release|Any CPU
	EndGlobalSection
	GlobalSection(SolutionProperties) = preSolution
		HideSolutionNode = FALSE
	EndGlobalSection
	GlobalSection(ExtensibilityGlobals) = postSolution
		SolutionGuid = {34CB0583-915D-44C4-B7A4-07526BBE8D40}
	EndGlobalSection
EndGlobal
